<?xml version="1.0" encoding="utf-8"?>
<Project ToolsVersion="4.0" xmlns="http://schemas.microsoft.com/developer/msbuild/2003">
  <ItemGroup>
    <Filter Include="Kaynak Dosyalar">
      <UniqueIdentifier>{4FC737F1-C7A5-4376-A066-2A32D752A2FF}</UniqueIdentifier>
      <Extensions>cpp;c;cc;cxx;c++;cppm;ixx;def;odl;idl;hpj;bat;asm;asmx</Extensions>
    </Filter>
    <Filter Include="Üst Bilgi Dosyaları">
      <UniqueIdentifier>{93995380-89BD-4b04-88EB-625FBE52EBFB}</UniqueIdentifier>
      <Extensions>h;hh;hpp;hxx;h++;hm;inl;inc;ipp;xsd</Extensions>
    </Filter>
    <Filter Include="Kaynak Dosyaları">
      <UniqueIdentifier>{67DA6AB6-F800-4c08-8B7A-83BB121AAD01}</UniqueIdentifier>
      <Extensions>rc;ico;cur;bmp;dlg;rc2;rct;bin;rgs;gif;jpg;jpeg;jpe;resx;tiff;tif;png;wav;mfcribbon-ms</Extensions>
    </Filter>
  </ItemGroup>
  <ItemGroup>
    <ClInclude Include="..\..\..\..\Downloads\imgui-1.92.5\imgui-1.92.5\imgui.h">
      <Filter>Üst Bilgi Dosyaları</Filter>
    </ClInclude>
    <ClInclude Include="..\..\..\..\Downloads\imgui-1.92.5\imgui-1.92.5\backends\imgui_impl_glfw.h">
      <Filter>Üst Bilgi Dosyaları</Filter>
    </ClInclude>
    <ClInclude Include="..\..\..\..\Downloads\imgui-1.92.5\imgui-1.92.5\backends\imgui_impl_opengl3.h">
      <Filter>Üst Bilgi Dosyaları</Filter>
    </ClInclude>
    <ClInclude Include="..\..\..\..\Downloads\imgui-1.92.5\imgui-1.92.5\examples\libs\glfw\include\GLFW\glfw3.h">
      <Filter>Üst Bilgi Dosyaları</Filter>
    </ClInclude>
    <ClInclude Include="resource.h">
      <Filter>Üst Bilgi Dosyaları</Filter>
    </ClInclude>
    <ClInclude Include="..\..\..\..\Downloads\imgui-1.92.5\imgui-1.92.5\backends\imgui_impl_dx11.h">
      <Filter>Üst Bilgi Dosyaları</Filter>
    </ClInclude>
    <ClInclude Include="..\..\..\..\Downloads\imgui-1.92.5\imgui-1.92.5\backends\imgui_impl_win32.h">
      <Filter>Üst Bilgi Dosyaları</Filter>
    </ClInclude>
    <ClInclude Include="capture screen.h">
      <Filter>Üst Bilgi Dosyaları</Filter>
    </ClInclude>
    <ClInclude Include="stb_image.h">
      <Filter>Kaynak Dosyalar</Filter>
    </ClInclude>
    <ClInclude Include="..\bot_logic.h">
      <Filter>Kaynak Dosyalar</Filter>
    </ClInclude>
    <ClInclude Include="..\XorStr.h">
      <Filter>Üst Bilgi Dosyaları</Filter>
    </ClInclude>
    <ClInclude Include="..\..\..\..\Downloads\discord-rpc-buttons-master\discord-rpc-buttons-master\src\backoff.h">
      <Filter>Üst Bilgi Dosyaları</Filter>
    </ClInclude>
    <ClInclude Include="..\..\..\..\Downloads\discord-rpc-buttons-master\discord-rpc-buttons-master\src\connection.h">
      <Filter>Üst Bilgi Dosyaları</Filter>
    </ClInclude>
    <ClInclude Include="..\..\..\..\Downloads\discord-rpc-buttons-master\discord-rpc-buttons-master\src\msg_queue.h">
      <Filter>Üst Bilgi Dosyaları</Filter>
    </ClInclude>
    <ClInclude Include="..\..\..\..\Downloads\discord-rpc-buttons-master\discord-rpc-buttons-master\src\rpc_connection.h">
      <Filter>Üst Bilgi Dosyaları</Filter>
    </ClInclude>
    <ClInclude Include="..\..\..\..\Downloads\discord-rpc-buttons-master\discord-rpc-buttons-master\src\serialization.h">
      <Filter>Üst Bilgi Dosyaları</Filter>
    </ClInclude>
    <ClInclude Include="..\discord_register.h">
      <Filter>Üst Bilgi Dosyaları</Filter>
    </ClInclude>
    <ClInclude Include="..\discord_rpc.h">
      <Filter>Üst Bilgi Dosyaları</Filter>
    </ClInclude>
    <ClInclude Include="..\backoff.h">
      <Filter>Üst Bilgi Dosyaları</Filter>
    </ClInclude>
    <ClInclude Include="..\connection.h">
      <Filter>Üst Bilgi Dosyaları</Filter>
    </ClInclude>
    <ClInclude Include="..\msg_queue.h">
      <Filter>Üst Bilgi Dosyaları</Filter>
    </ClInclude>
    <ClInclude Include="..\rpc_connection.h">
      <Filter>Üst Bilgi Dosyaları</Filter>
    </ClInclude>
    <ClInclude Include="..\serialization.h">
      <Filter>Üst Bilgi Dosyaları</Filter>
    </ClInclude>
    <ClInclude Include="..\tesseract_ocr.h">
      <Filter>Üst Bilgi Dosyaları</Filter>
    </ClInclude>
    <ClInclude Include="..\Language.h">
      <Filter>Kaynak Dosyalar</Filter>
    </ClInclude>
    <ClInclude Include="..\BotEngine.h">
      <Filter>Kaynak Dosyalar</Filter>
    </ClInclude>
    <ClInclude Include="..\discord.h">
      <Filter>Üst Bilgi Dosyaları</Filter>
    </ClInclude>
  </ItemGroup>
  <ItemGroup>
    <ClCompile Include="..\..\..\..\Downloads\imgui-1.92.5\imgui-1.92.5\imgui.cpp">
      <Filter>Kaynak Dosyaları</Filter>
    </ClCompile>
    <ClCompile Include="..\..\..\..\Downloads\imgui-1.92.5\imgui-1.92.5\imgui_draw.cpp">
      <Filter>Kaynak Dosyaları</Filter>
    </ClCompile>
    <ClCompile Include="..\..\..\..\Downloads\imgui-1.92.5\imgui-1.92.5\imgui_tables.cpp">
      <Filter>Kaynak Dosyaları</Filter>
    </ClCompile>
    <ClCompile Include="..\..\..\..\Downloads\imgui-1.92.5\imgui-1.92.5\imgui_widgets.cpp">
      <Filter>Kaynak Dosyaları</Filter>
    </ClCompile>
    <ClCompile Include="..\..\..\..\Downloads\imgui-1.92.5\imgui-1.92.5\backends\imgui_impl_glfw.cpp">
      <Filter>Kaynak Dosyaları</Filter>
    </ClCompile>
    <ClCompile Include="..\..\..\..\Downloads\imgui-1.92.5\imgui-1.92.5\backends\imgui_impl_opengl3.cpp">
      <Filter>Kaynak Dosyaları</Filter>
    </ClCompile>
    <ClCompile Include="..\..\..\..\Downloads\imgui-1.92.5\imgui-1.92.5\imgui_demo.cpp">
      <Filter>Kaynak Dosyaları</Filter>
    </ClCompile>
    <ClCompile Include="..\glad.c">
      <Filter>Kaynak Dosyaları</Filter>
    </ClCompile>
    <ClCompile Include="..\premium gui.cpp">
      <Filter>Kaynak Dosyalar</Filter>
    </ClCompile>
    <ClCompile Include="..\discord.cpp">
      <Filter>Kaynak Dosyalar</Filter>
    </ClCompile>
    <ClCompile Include="..\bot_logic.cpp">
      <Filter>Kaynak Dosyalar</Filter>
    </ClCompile>
    <ClCompile Include="..\connection_win.cpp">
      <Filter>Kaynak Dosyalar</Filter>
    </ClCompile>
    <ClCompile Include="..\discord_register_win.cpp">
      <Filter>Kaynak Dosyalar</Filter>
    </ClCompile>
    <ClCompile Include="..\discord_rpc.cpp">
      <Filter>Kaynak Dosyalar</Filter>
    </ClCompile>
    <ClCompile Include="..\dllmain.cpp">
      <Filter>Kaynak Dosyalar</Filter>
    </ClCompile>
    <ClCompile Include="..\rpc_connection.cpp">
      <Filter>Kaynak Dosyalar</Filter>
    </ClCompile>
    <ClCompile Include="..\serialization.cpp">
      <Filter>Kaynak Dosyalar</Filter>
    </ClCompile>
    <ClCompile Include="..\tesseract_ocr.cpp">
      <Filter>Kaynak Dosyalar</Filter>
    </ClCompile>
    <ClCompile Include="..\Language.cpp">
      <Filter>Kaynak Dosyalar</Filter>
    </ClCompile>
    <ClCompile Include="..\BotEngine.cpp">
      <Filter>Kaynak Dosyalar</Filter>
    </ClCompile>
  </ItemGroup>
  <ItemGroup>
    <ResourceCompile Include="bot.rc">
      <Filter>Kaynak Dosyaları</Filter>
    </ResourceCompile>
  </ItemGroup>
  <ItemGroup>
    <None Include="..\..\..\..\Downloads\_app_Version8.manifest_" />
    <None Include="..\..\..\..\Downloads\discord-rpc-buttons-master\discord-rpc-buttons-master\src\discord_register_osx.m" />
  </ItemGroup>
  <ItemGroup>
    <Text Include="..\..\..\..\Downloads\discord-rpc-buttons-master\discord-rpc-buttons-master\src\CMakeLists.txt" />
  </ItemGroup>
  <ItemGroup>
    <Image Include="..\..\..\..\Downloads\nxrth_logo.ico">
      <Filter>Kaynak Dosyaları</Filter>
    </Image>
  </ItemGroup>
</Project>